
Microsoft Visual Studio Solution File, Format Version 12.00
# Visual Studio Version 17
VisualStudioVersion = 17.9.34622.214
MinimumVisualStudioVersion = 10.0.40219.1
Project("{FAE04EC0-301F-11D3-BF4B-00C04F79EFBC}") = "PhysicsTweaks", "PhysicsTweaks.csproj", "{F09BDD1D-5184-476B-B7EA-DEF15033728A}"
EndProject
Global
	GlobalSection(SolutionConfigurationPlatforms) = preSolution
		Debug|Any CPU = Debug|Any CPU
		Release|Any CPU = Release|Any CPU
	EndGlobalSection
	GlobalSection(ProjectConfigurationPlatforms) = postSolution
		{F09BDD1D-5184-476B-B7EA-DEF15033728A}.Debug|Any CPU.ActiveCfg = Debug|Any CPU
		{F09BDD1D-5184-476B-B7EA-DEF15033728A}.Debug|Any CPU.Build.0 = Debug|Any CPU
		{F09BDD1D-5184-476B-B7EA-DEF15033728A}.Release|Any CPU.ActiveCfg = Release|Any CPU
		{F09BDD1D-5184-476B-B7EA-DEF15033728A}.Release|Any CPU.Build.0 = Release|Any CPU
	EndGlobalSection
	GlobalSection(SolutionProperties) = preSolution
		HideSolutionNode = FALSE
	EndGlobalSection
	GlobalSection(ExtensibilityGlobals) = postSolution
		SolutionGuid = {EC490FB9-980A-4707-B826-98BBD3DB3F52}
	EndGlobalSection
EndGlobal
